// !$*UTF8*$!
{
	archiveVersion = 1;
	classes = {
	};
	objectVersion = 46;
	objects = {

/* Begin PBXBuildFile section */
		D3ED868B1D755214005EAD6C /* SampleAvContentApi.m in Sources */ = {isa = PBXBuildFile; fileRef = D3ED86821D755214005EAD6C /* SampleAvContentApi.m */; };
		D3ED868C1D755214005EAD6C /* SampleCameraApi.m in Sources */ = {isa = PBXBuildFile; fileRef = D3ED86851D755214005EAD6C /* SampleCameraApi.m */; };
		D3ED868D1D755214005EAD6C /* SampleCameraEventObserver.m in Sources */ = {isa = PBXBuildFile; fileRef = D3ED86881D755214005EAD6C /* SampleCameraEventObserver.m */; };
		D3ED868E1D755214005EAD6C /* SampleStreamingDataManager.m in Sources */ = {isa = PBXBuildFile; fileRef = D3ED868A1D755214005EAD6C /* SampleStreamingDataManager.m */; };
		D3ED86981D755258005EAD6C /* DeviceInfo.m in Sources */ = {isa = PBXBuildFile; fileRef = D3ED86911D755258005EAD6C /* DeviceInfo.m */; };
		D3ED86991D755258005EAD6C /* DeviceList.m in Sources */ = {isa = PBXBuildFile; fileRef = D3ED86931D755258005EAD6C /* DeviceList.m */; };
		D3ED869A1D755258005EAD6C /* SampleDeviceDiscovery.m in Sources */ = {isa = PBXBuildFile; fileRef = D3ED86951D755258005EAD6C /* SampleDeviceDiscovery.m */; };
		D3ED869B1D755258005EAD6C /* UdpRequest.m in Sources */ = {isa = PBXBuildFile; fileRef = D3ED86971D755258005EAD6C /* UdpRequest.m */; };
		D3ED86A11D75527A005EAD6C /* HttpAsynchronousRequest.m in Sources */ = {isa = PBXBuildFile; fileRef = D3ED869E1D75527A005EAD6C /* HttpAsynchronousRequest.m */; };
		D3ED86A21D75527A005EAD6C /* HttpSynchronousRequest.m in Sources */ = {isa = PBXBuildFile; fileRef = D3ED86A01D75527A005EAD6C /* HttpSynchronousRequest.m */; };
		D3FA3C4F1D73919800BE6114 /* SNAppDelegate.swift in Sources */ = {isa = PBXBuildFile; fileRef = D3FA3C4E1D73919800BE6114 /* SNAppDelegate.swift */; };
		D3FA3C511D73919800BE6114 /* SNViewController.swift in Sources */ = {isa = PBXBuildFile; fileRef = D3FA3C501D73919800BE6114 /* SNViewController.swift */; };
		D3FA3C561D73919800BE6114 /* Assets.xcassets in Resources */ = {isa = PBXBuildFile; fileRef = D3FA3C551D73919800BE6114 /* Assets.xcassets */; };
		D3FA3C591D73919800BE6114 /* LaunchScreen.storyboard in Resources */ = {isa = PBXBuildFile; fileRef = D3FA3C571D73919800BE6114 /* LaunchScreen.storyboard */; };
		D3FA3C641D73919800BE6114 /* SnapperTests.swift in Sources */ = {isa = PBXBuildFile; fileRef = D3FA3C631D73919800BE6114 /* SnapperTests.swift */; };
		D3FA3C6F1D73947900BE6114 /* SNWatchCommunicator.swift in Sources */ = {isa = PBXBuildFile; fileRef = D3FA3C6E1D73947900BE6114 /* SNWatchCommunicator.swift */; };
		D3FA3C981D739E8F00BE6114 /* Interface.storyboard in Resources */ = {isa = PBXBuildFile; fileRef = D3FA3C961D739E8F00BE6114 /* Interface.storyboard */; };
		D3FA3C9A1D739E8F00BE6114 /* Assets.xcassets in Resources */ = {isa = PBXBuildFile; fileRef = D3FA3C991D739E8F00BE6114 /* Assets.xcassets */; };
		D3FA3CA11D739E8F00BE6114 /* Snapper Watch Extension.appex in Embed App Extensions */ = {isa = PBXBuildFile; fileRef = D3FA3CA01D739E8F00BE6114 /* Snapper Watch Extension.appex */; settings = {ATTRIBUTES = (RemoveHeadersOnCopy, ); }; };
		D3FA3CA61D739E8F00BE6114 /* InterfaceController.swift in Sources */ = {isa = PBXBuildFile; fileRef = D3FA3CA51D739E8F00BE6114 /* InterfaceController.swift */; };
		D3FA3CA81D739E8F00BE6114 /* ExtensionDelegate.swift in Sources */ = {isa = PBXBuildFile; fileRef = D3FA3CA71D739E8F00BE6114 /* ExtensionDelegate.swift */; };
		D3FA3CAA1D739E8F00BE6114 /* Assets.xcassets in Resources */ = {isa = PBXBuildFile; fileRef = D3FA3CA91D739E8F00BE6114 /* Assets.xcassets */; };
		D3FA3CAE1D739E8F00BE6114 /* Snapper Watch.app in Embed Watch Content */ = {isa = PBXBuildFile; fileRef = D3FA3C941D739E8F00BE6114 /* Snapper Watch.app */; };
		D3FA3CB91D73A30600BE6114 /* SNPhoneCommunicator.swift in Sources */ = {isa = PBXBuildFile; fileRef = D3FA3CB81D73A30600BE6114 /* SNPhoneCommunicator.swift */; };
/* End PBXBuildFile section */

/* Begin PBXContainerItemProxy section */
		D3FA3C601D73919800BE6114 /* PBXContainerItemProxy */ = {
			isa = PBXContainerItemProxy;
			containerPortal = D3FA3C431D73919800BE6114 /* Project object */;
			proxyType = 1;
			remoteGlobalIDString = D3FA3C4A1D73919800BE6114;
			remoteInfo = Snapper;
		};
		D3FA3CA21D739E8F00BE6114 /* PBXContainerItemProxy */ = {
			isa = PBXContainerItemProxy;
			containerPortal = D3FA3C431D73919800BE6114 /* Project object */;
			proxyType = 1;
			remoteGlobalIDString = D3FA3C9F1D739E8F00BE6114;
			remoteInfo = "Snapper Watch Extension";
		};
		D3FA3CAC1D739E8F00BE6114 /* PBXContainerItemProxy */ = {
			isa = PBXContainerItemProxy;
			containerPortal = D3FA3C431D73919800BE6114 /* Project object */;
			proxyType = 1;
			remoteGlobalIDString = D3FA3C931D739E8F00BE6114;
			remoteInfo = "Snapper Watch";
		};
/* End PBXContainerItemProxy section */

/* Begin PBXCopyFilesBuildPhase section */
		D3FA3CB21D739E8F00BE6114 /* Embed App Extensions */ = {
			isa = PBXCopyFilesBuildPhase;
			buildActionMask = 2147483647;
			dstPath = "";
			dstSubfolderSpec = 13;
			files = (
				D3FA3CA11D739E8F00BE6114 /* Snapper Watch Extension.appex in Embed App Extensions */,
			);
			name = "Embed App Extensions";
			runOnlyForDeploymentPostprocessing = 0;
		};
		D3FA3CB61D739E8F00BE6114 /* Embed Watch Content */ = {
			isa = PBXCopyFilesBuildPhase;
			buildActionMask = 2147483647;
			dstPath = "$(CONTENTS_FOLDER_PATH)/Watch";
			dstSubfolderSpec = 16;
			files = (
				D3FA3CAE1D739E8F00BE6114 /* Snapper Watch.app in Embed Watch Content */,
			);
			name = "Embed Watch Content";
			runOnlyForDeploymentPostprocessing = 0;
		};
/* End PBXCopyFilesBuildPhase section */

/* Begin PBXFileReference section */
		D3ED86811D755214005EAD6C /* SampleAvContentApi.h */ = {isa = PBXFileReference; fileEncoding = 4; lastKnownFileType = sourcecode.c.h; name = SampleAvContentApi.h; path = "../Camera API/SampleAvContentApi.h"; sourceTree = "<group>"; };
		D3ED86821D755214005EAD6C /* SampleAvContentApi.m */ = {isa = PBXFileReference; fileEncoding = 4; lastKnownFileType = sourcecode.c.objc; name = SampleAvContentApi.m; path = "../Camera API/SampleAvContentApi.m"; sourceTree = "<group>"; };
		D3ED86831D755214005EAD6C /* SampleAvContentDefinitions.h */ = {isa = PBXFileReference; fileEncoding = 4; lastKnownFileType = sourcecode.c.h; name = SampleAvContentDefinitions.h; path = "../Camera API/SampleAvContentDefinitions.h"; sourceTree = "<group>"; };
		D3ED86841D755214005EAD6C /* SampleCameraApi.h */ = {isa = PBXFileReference; fileEncoding = 4; lastKnownFileType = sourcecode.c.h; name = SampleCameraApi.h; path = "../Camera API/SampleCameraApi.h"; sourceTree = "<group>"; };
		D3ED86851D755214005EAD6C /* SampleCameraApi.m */ = {isa = PBXFileReference; fileEncoding = 4; lastKnownFileType = sourcecode.c.objc; name = SampleCameraApi.m; path = "../Camera API/SampleCameraApi.m"; sourceTree = "<group>"; };
		D3ED86861D755214005EAD6C /* SampleCameraDefinitions.h */ = {isa = PBXFileReference; fileEncoding = 4; lastKnownFileType = sourcecode.c.h; name = SampleCameraDefinitions.h; path = "../Camera API/SampleCameraDefinitions.h"; sourceTree = "<group>"; };
		D3ED86871D755214005EAD6C /* SampleCameraEventObserver.h */ = {isa = PBXFileReference; fileEncoding = 4; lastKnownFileType = sourcecode.c.h; name = SampleCameraEventObserver.h; path = "../Camera API/SampleCameraEventObserver.h"; sourceTree = "<group>"; };
		D3ED86881D755214005EAD6C /* SampleCameraEventObserver.m */ = {isa = PBXFileReference; fileEncoding = 4; lastKnownFileType = sourcecode.c.objc; name = SampleCameraEventObserver.m; path = "../Camera API/SampleCameraEventObserver.m"; sourceTree = "<group>"; };
		D3ED86891D755214005EAD6C /* SampleStreamingDataManager.h */ = {isa = PBXFileReference; fileEncoding = 4; lastKnownFileType = sourcecode.c.h; name = SampleStreamingDataManager.h; path = "../Camera API/SampleStreamingDataManager.h"; sourceTree = "<group>"; };
		D3ED868A1D755214005EAD6C /* SampleStreamingDataManager.m */ = {isa = PBXFileReference; fileEncoding = 4; lastKnownFileType = sourcecode.c.objc; name = SampleStreamingDataManager.m; path = "../Camera API/SampleStreamingDataManager.m"; sourceTree = "<group>"; };
		D3ED86901D755258005EAD6C /* DeviceInfo.h */ = {isa = PBXFileReference; fileEncoding = 4; lastKnownFileType = sourcecode.c.h; name = DeviceInfo.h; path = "../Camera API/DeviceDiscovery/DeviceInfo.h"; sourceTree = "<group>"; };
		D3ED86911D755258005EAD6C /* DeviceInfo.m */ = {isa = PBXFileReference; fileEncoding = 4; lastKnownFileType = sourcecode.c.objc; name = DeviceInfo.m; path = "../Camera API/DeviceDiscovery/DeviceInfo.m"; sourceTree = "<group>"; };
		D3ED86921D755258005EAD6C /* DeviceList.h */ = {isa = PBXFileReference; fileEncoding = 4; lastKnownFileType = sourcecode.c.h; name = DeviceList.h; path = "../Camera API/DeviceDiscovery/DeviceList.h"; sourceTree = "<group>"; };
		D3ED86931D755258005EAD6C /* DeviceList.m */ = {isa = PBXFileReference; fileEncoding = 4; lastKnownFileType = sourcecode.c.objc; name = DeviceList.m; path = "../Camera API/DeviceDiscovery/DeviceList.m"; sourceTree = "<group>"; };
		D3ED86941D755258005EAD6C /* SampleDeviceDiscovery.h */ = {isa = PBXFileReference; fileEncoding = 4; lastKnownFileType = sourcecode.c.h; name = SampleDeviceDiscovery.h; path = "../Camera API/DeviceDiscovery/SampleDeviceDiscovery.h"; sourceTree = "<group>"; };
		D3ED86951D755258005EAD6C /* SampleDeviceDiscovery.m */ = {isa = PBXFileReference; fileEncoding = 4; lastKnownFileType = sourcecode.c.objc; name = SampleDeviceDiscovery.m; path = "../Camera API/DeviceDiscovery/SampleDeviceDiscovery.m"; sourceTree = "<group>"; };
		D3ED86961D755258005EAD6C /* UdpRequest.h */ = {isa = PBXFileReference; fileEncoding = 4; lastKnownFileType = sourcecode.c.h; name = UdpRequest.h; path = "../Camera API/DeviceDiscovery/UdpRequest.h"; sourceTree = "<group>"; };
		D3ED86971D755258005EAD6C /* UdpRequest.m */ = {isa = PBXFileReference; fileEncoding = 4; lastKnownFileType = sourcecode.c.objc; name = UdpRequest.m; path = "../Camera API/DeviceDiscovery/UdpRequest.m"; sourceTree = "<group>"; };
		D3ED869D1D75527A005EAD6C /* HttpAsynchronousRequest.h */ = {isa = PBXFileReference; fileEncoding = 4; lastKnownFileType = sourcecode.c.h; name = HttpAsynchronousRequest.h; path = "../Camera API/HttpRequest/HttpAsynchronousRequest.h"; sourceTree = "<group>"; };
		D3ED869E1D75527A005EAD6C /* HttpAsynchronousRequest.m */ = {isa = PBXFileReference; fileEncoding = 4; lastKnownFileType = sourcecode.c.objc; name = HttpAsynchronousRequest.m; path = "../Camera API/HttpRequest/HttpAsynchronousRequest.m"; sourceTree = "<group>"; };
		D3ED869F1D75527A005EAD6C /* HttpSynchronousRequest.h */ = {isa = PBXFileReference; fileEncoding = 4; lastKnownFileType = sourcecode.c.h; name = HttpSynchronousRequest.h; path = "../Camera API/HttpRequest/HttpSynchronousRequest.h"; sourceTree = "<group>"; };
		D3ED86A01D75527A005EAD6C /* HttpSynchronousRequest.m */ = {isa = PBXFileReference; fileEncoding = 4; lastKnownFileType = sourcecode.c.objc; name = HttpSynchronousRequest.m; path = "../Camera API/HttpRequest/HttpSynchronousRequest.m"; sourceTree = "<group>"; };
		D3FA3C4B1D73919800BE6114 /* Snapper.app */ = {isa = PBXFileReference; explicitFileType = wrapper.application; includeInIndex = 0; path = Snapper.app; sourceTree = BUILT_PRODUCTS_DIR; };
		D3FA3C4E1D73919800BE6114 /* SNAppDelegate.swift */ = {isa = PBXFileReference; lastKnownFileType = sourcecode.swift; path = SNAppDelegate.swift; sourceTree = "<group>"; };
		D3FA3C501D73919800BE6114 /* SNViewController.swift */ = {isa = PBXFileReference; lastKnownFileType = sourcecode.swift; path = SNViewController.swift; sourceTree = "<group>"; };
		D3FA3C551D73919800BE6114 /* Assets.xcassets */ = {isa = PBXFileReference; lastKnownFileType = folder.assetcatalog; path = Assets.xcassets; sourceTree = "<group>"; };
		D3FA3C581D73919800BE6114 /* Base */ = {isa = PBXFileReference; lastKnownFileType = file.storyboard; name = Base; path = Base.lproj/LaunchScreen.storyboard; sourceTree = "<group>"; };
		D3FA3C5A1D73919800BE6114 /* Info.plist */ = {isa = PBXFileReference; lastKnownFileType = text.plist.xml; path = Info.plist; sourceTree = "<group>"; };
		D3FA3C5F1D73919800BE6114 /* SnapperTests.xctest */ = {isa = PBXFileReference; explicitFileType = wrapper.cfbundle; includeInIndex = 0; path = SnapperTests.xctest; sourceTree = BUILT_PRODUCTS_DIR; };
		D3FA3C631D73919800BE6114 /* SnapperTests.swift */ = {isa = PBXFileReference; lastKnownFileType = sourcecode.swift; path = SnapperTests.swift; sourceTree = "<group>"; };
		D3FA3C651D73919800BE6114 /* Info.plist */ = {isa = PBXFileReference; lastKnownFileType = text.plist.xml; path = Info.plist; sourceTree = "<group>"; };
		D3FA3C6E1D73947900BE6114 /* SNWatchCommunicator.swift */ = {isa = PBXFileReference; fileEncoding = 4; lastKnownFileType = sourcecode.swift; path = SNWatchCommunicator.swift; sourceTree = "<group>"; };
		D3FA3C721D73989200BE6114 /* Snapper-Bridging-Header.h */ = {isa = PBXFileReference; lastKnownFileType = sourcecode.c.h; path = "Snapper-Bridging-Header.h"; sourceTree = "<group>"; };
		D3FA3C941D739E8F00BE6114 /* Snapper Watch.app */ = {isa = PBXFileReference; explicitFileType = wrapper.application; includeInIndex = 0; path = "Snapper Watch.app"; sourceTree = BUILT_PRODUCTS_DIR; };
		D3FA3C971D739E8F00BE6114 /* Base */ = {isa = PBXFileReference; lastKnownFileType = file.storyboard; name = Base; path = Base.lproj/Interface.storyboard; sourceTree = "<group>"; };
		D3FA3C991D739E8F00BE6114 /* Assets.xcassets */ = {isa = PBXFileReference; lastKnownFileType = folder.assetcatalog; path = Assets.xcassets; sourceTree = "<group>"; };
		D3FA3C9B1D739E8F00BE6114 /* Info.plist */ = {isa = PBXFileReference; lastKnownFileType = text.plist.xml; path = Info.plist; sourceTree = "<group>"; };
		D3FA3CA01D739E8F00BE6114 /* Snapper Watch Extension.appex */ = {isa = PBXFileReference; explicitFileType = "wrapper.app-extension"; includeInIndex = 0; path = "Snapper Watch Extension.appex"; sourceTree = BUILT_PRODUCTS_DIR; };
		D3FA3CA51D739E8F00BE6114 /* InterfaceController.swift */ = {isa = PBXFileReference; lastKnownFileType = sourcecode.swift; path = InterfaceController.swift; sourceTree = "<group>"; };
		D3FA3CA71D739E8F00BE6114 /* ExtensionDelegate.swift */ = {isa = PBXFileReference; lastKnownFileType = sourcecode.swift; path = ExtensionDelegate.swift; sourceTree = "<group>"; };
		D3FA3CA91D739E8F00BE6114 /* Assets.xcassets */ = {isa = PBXFileReference; lastKnownFileType = folder.assetcatalog; path = Assets.xcassets; sourceTree = "<group>"; };
		D3FA3CAB1D739E8F00BE6114 /* Info.plist */ = {isa = PBXFileReference; lastKnownFileType = text.plist.xml; path = Info.plist; sourceTree = "<group>"; };
		D3FA3CB81D73A30600BE6114 /* SNPhoneCommunicator.swift */ = {isa = PBXFileReference; fileEncoding = 4; lastKnownFileType = sourcecode.swift; path = SNPhoneCommunicator.swift; sourceTree = "<group>"; };
/* End PBXFileReference section */

/* Begin PBXFrameworksBuildPhase section */
		D3FA3C481D73919800BE6114 /* Frameworks */ = {
			isa = PBXFrameworksBuildPhase;
			buildActionMask = 2147483647;
			files = (
			);
			runOnlyForDeploymentPostprocessing = 0;
		};
		D3FA3C5C1D73919800BE6114 /* Frameworks */ = {
			isa = PBXFrameworksBuildPhase;
			buildActionMask = 2147483647;
			files = (
			);
			runOnlyForDeploymentPostprocessing = 0;
		};
		D3FA3C9D1D739E8F00BE6114 /* Frameworks */ = {
			isa = PBXFrameworksBuildPhase;
			buildActionMask = 2147483647;
			files = (
			);
			runOnlyForDeploymentPostprocessing = 0;
		};
/* End PBXFrameworksBuildPhase section */

/* Begin PBXGroup section */
		D3ED868F1D755245005EAD6C /* DeviceDiscovery */ = {
			isa = PBXGroup;
			children = (
				D3ED86901D755258005EAD6C /* DeviceInfo.h */,
				D3ED86911D755258005EAD6C /* DeviceInfo.m */,
				D3ED86921D755258005EAD6C /* DeviceList.h */,
				D3ED86931D755258005EAD6C /* DeviceList.m */,
				D3ED86941D755258005EAD6C /* SampleDeviceDiscovery.h */,
				D3ED86951D755258005EAD6C /* SampleDeviceDiscovery.m */,
				D3ED86961D755258005EAD6C /* UdpRequest.h */,
				D3ED86971D755258005EAD6C /* UdpRequest.m */,
			);
			name = DeviceDiscovery;
			sourceTree = "<group>";
		};
		D3ED869C1D755267005EAD6C /* HttpRequest */ = {
			isa = PBXGroup;
			children = (
				D3ED869D1D75527A005EAD6C /* HttpAsynchronousRequest.h */,
				D3ED869E1D75527A005EAD6C /* HttpAsynchronousRequest.m */,
				D3ED869F1D75527A005EAD6C /* HttpSynchronousRequest.h */,
				D3ED86A01D75527A005EAD6C /* HttpSynchronousRequest.m */,
			);
			name = HttpRequest;
			sourceTree = "<group>";
		};
		D3FA3C421D73919800BE6114 = {
			isa = PBXGroup;
			children = (
				D3FA3C4D1D73919800BE6114 /* Snapper */,
				D3FA3C951D739E8F00BE6114 /* Snapper Watch */,
				D3FA3CA41D739E8F00BE6114 /* Snapper Watch Extension */,
				D3FA3C701D73975900BE6114 /* Supporting Files */,
				D3FA3C711D73978A00BE6114 /* Camera API */,
				D3FA3C621D73919800BE6114 /* SnapperTests */,
				D3FA3C4C1D73919800BE6114 /* Products */,
			);
			sourceTree = "<group>";
		};
		D3FA3C4C1D73919800BE6114 /* Products */ = {
			isa = PBXGroup;
			children = (
				D3FA3C4B1D73919800BE6114 /* Snapper.app */,
				D3FA3C5F1D73919800BE6114 /* SnapperTests.xctest */,
				D3FA3C941D739E8F00BE6114 /* Snapper Watch.app */,
				D3FA3CA01D739E8F00BE6114 /* Snapper Watch Extension.appex */,
			);
			name = Products;
			sourceTree = "<group>";
		};
		D3FA3C4D1D73919800BE6114 /* Snapper */ = {
			isa = PBXGroup;
			children = (
				D3FA3C4E1D73919800BE6114 /* SNAppDelegate.swift */,
				D3FA3C6E1D73947900BE6114 /* SNWatchCommunicator.swift */,
				D3FA3C501D73919800BE6114 /* SNViewController.swift */,
				D3FA3C551D73919800BE6114 /* Assets.xcassets */,
				D3FA3C571D73919800BE6114 /* LaunchScreen.storyboard */,
				D3FA3C5A1D73919800BE6114 /* Info.plist */,
			);
			path = Snapper;
			sourceTree = "<group>";
		};
		D3FA3C621D73919800BE6114 /* SnapperTests */ = {
			isa = PBXGroup;
			children = (
				D3FA3C631D73919800BE6114 /* SnapperTests.swift */,
				D3FA3C651D73919800BE6114 /* Info.plist */,
			);
			path = SnapperTests;
			sourceTree = "<group>";
		};
		D3FA3C701D73975900BE6114 /* Supporting Files */ = {
			isa = PBXGroup;
			children = (
				D3FA3C721D73989200BE6114 /* Snapper-Bridging-Header.h */,
			);
			name = "Supporting Files";
			path = Snapper;
			sourceTree = "<group>";
		};
		D3FA3C711D73978A00BE6114 /* Camera API */ = {
			isa = PBXGroup;
			children = (
				D3ED869C1D755267005EAD6C /* HttpRequest */,
				D3ED868F1D755245005EAD6C /* DeviceDiscovery */,
				D3ED86811D755214005EAD6C /* SampleAvContentApi.h */,
				D3ED86821D755214005EAD6C /* SampleAvContentApi.m */,
				D3ED86831D755214005EAD6C /* SampleAvContentDefinitions.h */,
				D3ED86841D755214005EAD6C /* SampleCameraApi.h */,
				D3ED86851D755214005EAD6C /* SampleCameraApi.m */,
				D3ED86861D755214005EAD6C /* SampleCameraDefinitions.h */,
				D3ED86871D755214005EAD6C /* SampleCameraEventObserver.h */,
				D3ED86881D755214005EAD6C /* SampleCameraEventObserver.m */,
				D3ED86891D755214005EAD6C /* SampleStreamingDataManager.h */,
				D3ED868A1D755214005EAD6C /* SampleStreamingDataManager.m */,
			);
			name = "Camera API";
			path = Snapper;
			sourceTree = "<group>";
		};
		D3FA3C951D739E8F00BE6114 /* Snapper Watch */ = {
			isa = PBXGroup;
			children = (
				D3FA3C961D739E8F00BE6114 /* Interface.storyboard */,
				D3FA3C991D739E8F00BE6114 /* Assets.xcassets */,
				D3FA3C9B1D739E8F00BE6114 /* Info.plist */,
			);
			path = "Snapper Watch";
			sourceTree = "<group>";
		};
		D3FA3CA41D739E8F00BE6114 /* Snapper Watch Extension */ = {
			isa = PBXGroup;
			children = (
				D3FA3CA51D739E8F00BE6114 /* InterfaceController.swift */,
				D3FA3CA71D739E8F00BE6114 /* ExtensionDelegate.swift */,
				D3FA3CB81D73A30600BE6114 /* SNPhoneCommunicator.swift */,
				D3FA3CA91D739E8F00BE6114 /* Assets.xcassets */,
				D3FA3CAB1D739E8F00BE6114 /* Info.plist */,
			);
			path = "Snapper Watch Extension";
			sourceTree = "<group>";
		};
/* End PBXGroup section */

/* Begin PBXNativeTarget section */
		D3FA3C4A1D73919800BE6114 /* Snapper */ = {
			isa = PBXNativeTarget;
			buildConfigurationList = D3FA3C681D73919800BE6114 /* Build configuration list for PBXNativeTarget "Snapper" */;
			buildPhases = (
				D3FA3C471D73919800BE6114 /* Sources */,
				D3FA3C481D73919800BE6114 /* Frameworks */,
				D3FA3C491D73919800BE6114 /* Resources */,
				D3FA3CB61D739E8F00BE6114 /* Embed Watch Content */,
			);
			buildRules = (
			);
			dependencies = (
				D3FA3CAD1D739E8F00BE6114 /* PBXTargetDependency */,
			);
			name = Snapper;
			productName = Snapper;
			productReference = D3FA3C4B1D73919800BE6114 /* Snapper.app */;
			productType = "com.apple.product-type.application";
		};
		D3FA3C5E1D73919800BE6114 /* SnapperTests */ = {
			isa = PBXNativeTarget;
			buildConfigurationList = D3FA3C6B1D73919800BE6114 /* Build configuration list for PBXNativeTarget "SnapperTests" */;
			buildPhases = (
				D3FA3C5B1D73919800BE6114 /* Sources */,
				D3FA3C5C1D73919800BE6114 /* Frameworks */,
				D3FA3C5D1D73919800BE6114 /* Resources */,
			);
			buildRules = (
			);
			dependencies = (
				D3FA3C611D73919800BE6114 /* PBXTargetDependency */,
			);
			name = SnapperTests;
			productName = SnapperTests;
			productReference = D3FA3C5F1D73919800BE6114 /* SnapperTests.xctest */;
			productType = "com.apple.product-type.bundle.unit-test";
		};
		D3FA3C931D739E8F00BE6114 /* Snapper Watch */ = {
			isa = PBXNativeTarget;
			buildConfigurationList = D3FA3CB31D739E8F00BE6114 /* Build configuration list for PBXNativeTarget "Snapper Watch" */;
			buildPhases = (
				D3FA3C921D739E8F00BE6114 /* Resources */,
				D3FA3CB21D739E8F00BE6114 /* Embed App Extensions */,
			);
			buildRules = (
			);
			dependencies = (
				D3FA3CA31D739E8F00BE6114 /* PBXTargetDependency */,
			);
			name = "Snapper Watch";
			productName = "Snapper Watch";
			productReference = D3FA3C941D739E8F00BE6114 /* Snapper Watch.app */;
			productType = "com.apple.product-type.application.watchapp2";
		};
		D3FA3C9F1D739E8F00BE6114 /* Snapper Watch Extension */ = {
			isa = PBXNativeTarget;
			buildConfigurationList = D3FA3CAF1D739E8F00BE6114 /* Build configuration list for PBXNativeTarget "Snapper Watch Extension" */;
			buildPhases = (
				D3FA3C9C1D739E8F00BE6114 /* Sources */,
				D3FA3C9D1D739E8F00BE6114 /* Frameworks */,
				D3FA3C9E1D739E8F00BE6114 /* Resources */,
			);
			buildRules = (
			);
			dependencies = (
			);
			name = "Snapper Watch Extension";
			productName = "Snapper Watch Extension";
			productReference = D3FA3CA01D739E8F00BE6114 /* Snapper Watch Extension.appex */;
			productType = "com.apple.product-type.watchkit2-extension";
		};
/* End PBXNativeTarget section */

/* Begin PBXProject section */
		D3FA3C431D73919800BE6114 /* Project object */ = {
			isa = PBXProject;
			attributes = {
				LastSwiftUpdateCheck = 0800;
				LastUpgradeCheck = 0800;
				ORGANIZATIONNAME = Phil;
				TargetAttributes = {
					D3FA3C4A1D73919800BE6114 = {
						CreatedOnToolsVersion = 8.0;
						DevelopmentTeam = V9RH239UZW;
						LastSwiftMigration = 0800;
						ProvisioningStyle = Automatic;
					};
					D3FA3C5E1D73919800BE6114 = {
						CreatedOnToolsVersion = 8.0;
						DevelopmentTeam = V9RH239UZW;
						ProvisioningStyle = Automatic;
						TestTargetID = D3FA3C4A1D73919800BE6114;
					};
					D3FA3C931D739E8F00BE6114 = {
						CreatedOnToolsVersion = 8.0;
						DevelopmentTeam = V9RH239UZW;
						ProvisioningStyle = Automatic;
					};
					D3FA3C9F1D739E8F00BE6114 = {
						CreatedOnToolsVersion = 8.0;
						DevelopmentTeam = V9RH239UZW;
						ProvisioningStyle = Automatic;
					};
				};
			};
			buildConfigurationList = D3FA3C461D73919800BE6114 /* Build configuration list for PBXProject "Snapper" */;
			compatibilityVersion = "Xcode 3.2";
			developmentRegion = English;
			hasScannedForEncodings = 0;
			knownRegions = (
				en,
				Base,
			);
			mainGroup = D3FA3C421D73919800BE6114;
			productRefGroup = D3FA3C4C1D73919800BE6114 /* Products */;
			projectDirPath = "";
			projectRoot = "";
			targets = (
				D3FA3C4A1D73919800BE6114 /* Snapper */,
				D3FA3C931D739E8F00BE6114 /* Snapper Watch */,
				D3FA3C9F1D739E8F00BE6114 /* Snapper Watch Extension */,
				D3FA3C5E1D73919800BE6114 /* SnapperTests */,
			);
		};
/* End PBXProject section */

/* Begin PBXResourcesBuildPhase section */
		D3FA3C491D73919800BE6114 /* Resources */ = {
			isa = PBXResourcesBuildPhase;
			buildActionMask = 2147483647;
			files = (
				D3FA3C591D73919800BE6114 /* LaunchScreen.storyboard in Resources */,
				D3FA3C561D73919800BE6114 /* Assets.xcassets in Resources */,
			);
			runOnlyForDeploymentPostprocessing = 0;
		};
		D3FA3C5D1D73919800BE6114 /* Resources */ = {
			isa = PBXResourcesBuildPhase;
			buildActionMask = 2147483647;
			files = (
			);
			runOnlyForDeploymentPostprocessing = 0;
		};
		D3FA3C921D739E8F00BE6114 /* Resources */ = {
			isa = PBXResourcesBuildPhase;
			buildActionMask = 2147483647;
			files = (
				D3FA3C9A1D739E8F00BE6114 /* Assets.xcassets in Resources */,
				D3FA3C981D739E8F00BE6114 /* Interface.storyboard in Resources */,
			);
			runOnlyForDeploymentPostprocessing = 0;
		};
		D3FA3C9E1D739E8F00BE6114 /* Resources */ = {
			isa = PBXResourcesBuildPhase;
			buildActionMask = 2147483647;
			files = (
				D3FA3CAA1D739E8F00BE6114 /* Assets.xcassets in Resources */,
			);
			runOnlyForDeploymentPostprocessing = 0;
		};
/* End PBXResourcesBuildPhase section */

/* Begin PBXSourcesBuildPhase section */
		D3FA3C471D73919800BE6114 /* Sources */ = {
			isa = PBXSourcesBuildPhase;
			buildActionMask = 2147483647;
			files = (
				D3FA3C511D73919800BE6114 /* SNViewController.swift in Sources */,
				D3ED869B1D755258005EAD6C /* UdpRequest.m in Sources */,
				D3ED868C1D755214005EAD6C /* SampleCameraApi.m in Sources */,
				D3ED868B1D755214005EAD6C /* SampleAvContentApi.m in Sources */,
				D3FA3C4F1D73919800BE6114 /* SNAppDelegate.swift in Sources */,
				D3ED868D1D755214005EAD6C /* SampleCameraEventObserver.m in Sources */,
				D3FA3C6F1D73947900BE6114 /* SNWatchCommunicator.swift in Sources */,
				D3ED86A21D75527A005EAD6C /* HttpSynchronousRequest.m in Sources */,
				D3ED86991D755258005EAD6C /* DeviceList.m in Sources */,
				D3ED869A1D755258005EAD6C /* SampleDeviceDiscovery.m in Sources */,
				D3ED86A11D75527A005EAD6C /* HttpAsynchronousRequest.m in Sources */,
				D3ED86981D755258005EAD6C /* DeviceInfo.m in Sources */,
				D3ED868E1D755214005EAD6C /* SampleStreamingDataManager.m in Sources */,
			);
			runOnlyForDeploymentPostprocessing = 0;
		};
		D3FA3C5B1D73919800BE6114 /* Sources */ = {
			isa = PBXSourcesBuildPhase;
			buildActionMask = 2147483647;
			files = (
				D3FA3C641D73919800BE6114 /* SnapperTests.swift in Sources */,
			);
			runOnlyForDeploymentPostprocessing = 0;
		};
		D3FA3C9C1D739E8F00BE6114 /* Sources */ = {
			isa = PBXSourcesBuildPhase;
			buildActionMask = 2147483647;
			files = (
				D3FA3CB91D73A30600BE6114 /* SNPhoneCommunicator.swift in Sources */,
				D3FA3CA81D739E8F00BE6114 /* ExtensionDelegate.swift in Sources */,
				D3FA3CA61D739E8F00BE6114 /* InterfaceController.swift in Sources */,
			);
			runOnlyForDeploymentPostprocessing = 0;
		};
/* End PBXSourcesBuildPhase section */

/* Begin PBXTargetDependency section */
		D3FA3C611D73919800BE6114 /* PBXTargetDependency */ = {
			isa = PBXTargetDependency;
			target = D3FA3C4A1D73919800BE6114 /* Snapper */;
			targetProxy = D3FA3C601D73919800BE6114 /* PBXContainerItemProxy */;
		};
		D3FA3CA31D739E8F00BE6114 /* PBXTargetDependency */ = {
			isa = PBXTargetDependency;
			target = D3FA3C9F1D739E8F00BE6114 /* Snapper Watch Extension */;
			targetProxy = D3FA3CA21D739E8F00BE6114 /* PBXContainerItemProxy */;
		};
		D3FA3CAD1D739E8F00BE6114 /* PBXTargetDependency */ = {
			isa = PBXTargetDependency;
			target = D3FA3C931D739E8F00BE6114 /* Snapper Watch */;
			targetProxy = D3FA3CAC1D739E8F00BE6114 /* PBXContainerItemProxy */;
		};
/* End PBXTargetDependency section */

/* Begin PBXVariantGroup section */
		D3FA3C571D73919800BE6114 /* LaunchScreen.storyboard */ = {
			isa = PBXVariantGroup;
			children = (
				D3FA3C581D73919800BE6114 /* Base */,
			);
			name = LaunchScreen.storyboard;
			sourceTree = "<group>";
		};
		D3FA3C961D739E8F00BE6114 /* Interface.storyboard */ = {
			isa = PBXVariantGroup;
			children = (
				D3FA3C971D739E8F00BE6114 /* Base */,
			);
			name = Interface.storyboard;
			sourceTree = "<group>";
		};
/* End PBXVariantGroup section */

/* Begin XCBuildConfiguration section */
		D3FA3C661D73919800BE6114 /* Debug */ = {
			isa = XCBuildConfiguration;
			buildSettings = {
				ALWAYS_SEARCH_USER_PATHS = NO;
				CLANG_ANALYZER_NONNULL = YES;
				CLANG_CXX_LANGUAGE_STANDARD = "gnu++0x";
				CLANG_CXX_LIBRARY = "libc++";
				CLANG_ENABLE_MODULES = YES;
				CLANG_ENABLE_OBJC_ARC = YES;
				CLANG_WARN_BOOL_CONVERSION = YES;
				CLANG_WARN_CONSTANT_CONVERSION = YES;
				CLANG_WARN_DIRECT_OBJC_ISA_USAGE = YES_ERROR;
				CLANG_WARN_DOCUMENTATION_COMMENTS = YES;
				CLANG_WARN_EMPTY_BODY = YES;
				CLANG_WARN_ENUM_CONVERSION = YES;
				CLANG_WARN_INFINITE_RECURSION = YES;
				CLANG_WARN_INT_CONVERSION = YES;
				CLANG_WARN_OBJC_ROOT_CLASS = YES_ERROR;
				CLANG_WARN_SUSPICIOUS_MOVES = YES;
				CLANG_WARN_UNREACHABLE_CODE = YES;
				CLANG_WARN__DUPLICATE_METHOD_MATCH = YES;
				"CODE_SIGN_IDENTITY[sdk=iphoneos*]" = "iPhone Developer";
				COPY_PHASE_STRIP = NO;
				DEBUG_INFORMATION_FORMAT = dwarf;
				ENABLE_STRICT_OBJC_MSGSEND = YES;
				ENABLE_TESTABILITY = YES;
				GCC_C_LANGUAGE_STANDARD = gnu99;
				GCC_DYNAMIC_NO_PIC = NO;
				GCC_NO_COMMON_BLOCKS = YES;
				GCC_OPTIMIZATION_LEVEL = 0;
				GCC_PREPROCESSOR_DEFINITIONS = (
					"DEBUG=1",
					"$(inherited)",
				);
				GCC_WARN_64_TO_32_BIT_CONVERSION = YES;
				GCC_WARN_ABOUT_RETURN_TYPE = YES_ERROR;
				GCC_WARN_UNDECLARED_SELECTOR = YES;
				GCC_WARN_UNINITIALIZED_AUTOS = YES_AGGRESSIVE;
				GCC_WARN_UNUSED_FUNCTION = YES;
				GCC_WARN_UNUSED_VARIABLE = YES;
				IPHONEOS_DEPLOYMENT_TARGET = 10.0;
				MTL_ENABLE_DEBUG_INFO = YES;
				ONLY_ACTIVE_ARCH = YES;
				SDKROOT = iphoneos;
				SN_BUNDLE_ID = com.philip.snapper;
				SWIFT_ACTIVE_COMPILATION_CONDITIONS = DEBUG;
				SWIFT_OPTIMIZATION_LEVEL = "-Onone";
			};
			name = Debug;
		};
		D3FA3C671D73919800BE6114 /* Release */ = {
			isa = XCBuildConfiguration;
			buildSettings = {
				ALWAYS_SEARCH_USER_PATHS = NO;
				CLANG_ANALYZER_NONNULL = YES;
				CLANG_CXX_LANGUAGE_STANDARD = "gnu++0x";
				CLANG_CXX_LIBRARY = "libc++";
				CLANG_ENABLE_MODULES = YES;
				CLANG_ENABLE_OBJC_ARC = YES;
				CLANG_WARN_BOOL_CONVERSION = YES;
				CLANG_WARN_CONSTANT_CONVERSION = YES;
				CLANG_WARN_DIRECT_OBJC_ISA_USAGE = YES_ERROR;
				CLANG_WARN_DOCUMENTATION_COMMENTS = YES;
				CLANG_WARN_EMPTY_BODY = YES;
				CLANG_WARN_ENUM_CONVERSION = YES;
				CLANG_WARN_INFINITE_RECURSION = YES;
				CLANG_WARN_INT_CONVERSION = YES;
				CLANG_WARN_OBJC_ROOT_CLASS = YES_ERROR;
				CLANG_WARN_SUSPICIOUS_MOVES = YES;
				CLANG_WARN_UNREACHABLE_CODE = YES;
				CLANG_WARN__DUPLICATE_METHOD_MATCH = YES;
				"CODE_SIGN_IDENTITY[sdk=iphoneos*]" = "iPhone Developer";
				COPY_PHASE_STRIP = NO;
				DEBUG_INFORMATION_FORMAT = "dwarf-with-dsym";
				ENABLE_NS_ASSERTIONS = NO;
				ENABLE_STRICT_OBJC_MSGSEND = YES;
				GCC_C_LANGUAGE_STANDARD = gnu99;
				GCC_NO_COMMON_BLOCKS = YES;
				GCC_WARN_64_TO_32_BIT_CONVERSION = YES;
				GCC_WARN_ABOUT_RETURN_TYPE = YES_ERROR;
				GCC_WARN_UNDECLARED_SELECTOR = YES;
				GCC_WARN_UNINITIALIZED_AUTOS = YES_AGGRESSIVE;
				GCC_WARN_UNUSED_FUNCTION = YES;
				GCC_WARN_UNUSED_VARIABLE = YES;
				IPHONEOS_DEPLOYMENT_TARGET = 10.0;
				MTL_ENABLE_DEBUG_INFO = NO;
				SDKROOT = iphoneos;
				SN_BUNDLE_ID = com.philip.snapper;
				SWIFT_OPTIMIZATION_LEVEL = "-Owholemodule";
				VALIDATE_PRODUCT = YES;
			};
			name = Release;
		};
		D3FA3C691D73919800BE6114 /* Debug */ = {
			isa = XCBuildConfiguration;
			buildSettings = {
				ASSETCATALOG_COMPILER_APPICON_NAME = AppIcon;
				CLANG_ENABLE_MODULES = YES;
				DEVELOPMENT_TEAM = V9RH239UZW;
				INFOPLIST_FILE = Snapper/Info.plist;
				IPHONEOS_DEPLOYMENT_TARGET = 9.3;
				LD_RUNPATH_SEARCH_PATHS = "$(inherited) @executable_path/Frameworks";
				PRODUCT_BUNDLE_IDENTIFIER = "$(SN_BUNDLE_ID)";
				PRODUCT_NAME = "$(TARGET_NAME)";
				SWIFT_OBJC_BRIDGING_HEADER = "Snapper/Snapper-Bridging-Header.h";
				SWIFT_OPTIMIZATION_LEVEL = "-Onone";
				SWIFT_VERSION = 3.0;
			};
			name = Debug;
		};
		D3FA3C6A1D73919800BE6114 /* Release */ = {
			isa = XCBuildConfiguration;
			buildSettings = {
				ASSETCATALOG_COMPILER_APPICON_NAME = AppIcon;
				CLANG_ENABLE_MODULES = YES;
				DEVELOPMENT_TEAM = V9RH239UZW;
				INFOPLIST_FILE = Snapper/Info.plist;
				IPHONEOS_DEPLOYMENT_TARGET = 9.3;
				LD_RUNPATH_SEARCH_PATHS = "$(inherited) @executable_path/Frameworks";
				PRODUCT_BUNDLE_IDENTIFIER = "$(SN_BUNDLE_ID)";
				PRODUCT_NAME = "$(TARGET_NAME)";
				SWIFT_OBJC_BRIDGING_HEADER = "Snapper/Snapper-Bridging-Header.h";
				SWIFT_VERSION = 3.0;
			};
			name = Release;
		};
		D3FA3C6C1D73919800BE6114 /* Debug */ = {
			isa = XCBuildConfiguration;
			buildSettings = {
				ALWAYS_EMBED_SWIFT_STANDARD_LIBRARIES = YES;
				BUNDLE_LOADER = "$(TEST_HOST)";
				DEVELOPMENT_TEAM = V9RH239UZW;
				INFOPLIST_FILE = SnapperTests/Info.plist;
				LD_RUNPATH_SEARCH_PATHS = "$(inherited) @executable_path/Frameworks @loader_path/Frameworks";
				PRODUCT_BUNDLE_IDENTIFIER = com.phil.SnapperTests;
				PRODUCT_NAME = "$(TARGET_NAME)";
				SWIFT_VERSION = 3.0;
				TEST_HOST = "$(BUILT_PRODUCTS_DIR)/Snapper.app/Snapper";
			};
			name = Debug;
		};
		D3FA3C6D1D73919800BE6114 /* Release */ = {
			isa = XCBuildConfiguration;
			buildSettings = {
				ALWAYS_EMBED_SWIFT_STANDARD_LIBRARIES = YES;
				BUNDLE_LOADER = "$(TEST_HOST)";
				DEVELOPMENT_TEAM = V9RH239UZW;
				INFOPLIST_FILE = SnapperTests/Info.plist;
				LD_RUNPATH_SEARCH_PATHS = "$(inherited) @executable_path/Frameworks @loader_path/Frameworks";
				PRODUCT_BUNDLE_IDENTIFIER = com.phil.SnapperTests;
				PRODUCT_NAME = "$(TARGET_NAME)";
				SWIFT_VERSION = 3.0;
				TEST_HOST = "$(BUILT_PRODUCTS_DIR)/Snapper.app/Snapper";
			};
			name = Release;
		};
		D3FA3CB01D739E8F00BE6114 /* Debug */ = {
			isa = XCBuildConfiguration;
			buildSettings = {
				ASSETCATALOG_COMPILER_COMPLICATION_NAME = Complication;
				DEVELOPMENT_TEAM = V9RH239UZW;
				INFOPLIST_FILE = "Snapper Watch Extension/Info.plist";
				LD_RUNPATH_SEARCH_PATHS = "$(inherited) @executable_path/Frameworks @executable_path/../../Frameworks";
				PRODUCT_BUNDLE_IDENTIFIER = "$(SN_BUNDLE_ID).watchkitapp.watchkitextension";
				PRODUCT_NAME = "${TARGET_NAME}";
				SDKROOT = watchos;
				SKIP_INSTALL = YES;
				SWIFT_VERSION = 3.0;
				TARGETED_DEVICE_FAMILY = 4;
				WATCHOS_DEPLOYMENT_TARGET = 2.2;
			};
			name = Debug;
		};
		D3FA3CB11D739E8F00BE6114 /* Release */ = {
			isa = XCBuildConfiguration;
			buildSettings = {
				ASSETCATALOG_COMPILER_COMPLICATION_NAME = Complication;
				DEVELOPMENT_TEAM = V9RH239UZW;
				INFOPLIST_FILE = "Snapper Watch Extension/Info.plist";
				LD_RUNPATH_SEARCH_PATHS = "$(inherited) @executable_path/Frameworks @executable_path/../../Frameworks";
				PRODUCT_BUNDLE_IDENTIFIER = "$(SN_BUNDLE_ID).watchkitapp.watchkitextension";
				PRODUCT_NAME = "${TARGET_NAME}";
				SDKROOT = watchos;
				SKIP_INSTALL = YES;
				SWIFT_VERSION = 3.0;
				TARGETED_DEVICE_FAMILY = 4;
				WATCHOS_DEPLOYMENT_TARGET = 2.2;
			};
			name = Release;
		};
		D3FA3CB41D739E8F00BE6114 /* Debug */ = {
			isa = XCBuildConfiguration;
			buildSettings = {
				ALWAYS_EMBED_SWIFT_STANDARD_LIBRARIES = YES;
				ASSETCATALOG_COMPILER_APPICON_NAME = AppIcon;
				DEVELOPMENT_TEAM = V9RH239UZW;
				IBSC_MODULE = Snapper_Watch_Extension;
				INFOPLIST_FILE = "Snapper Watch/Info.plist";
				PRODUCT_BUNDLE_IDENTIFIER = "$(SN_BUNDLE_ID).watchkitapp";
				PRODUCT_NAME = "$(TARGET_NAME)";
				SDKROOT = watchos;
				SKIP_INSTALL = YES;
				SWIFT_VERSION = 3.0;
				TARGETED_DEVICE_FAMILY = 4;
				WATCHOS_DEPLOYMENT_TARGET = 2.2;
			};
			name = Debug;
		};
		D3FA3CB51D739E8F00BE6114 /* Release */ = {
			isa = XCBuildConfiguration;
			buildSettings = {
				ALWAYS_EMBED_SWIFT_STANDARD_LIBRARIES = YES;
				ASSETCATALOG_COMPILER_APPICON_NAME = AppIcon;
				DEVELOPMENT_TEAM = V9RH239UZW;
				IBSC_MODULE = Snapper_Watch_Extension;
				INFOPLIST_FILE = "Snapper Watch/Info.plist";
				PRODUCT_BUNDLE_IDENTIFIER = "$(SN_BUNDLE_ID).watchkitapp";
				PRODUCT_NAME = "$(TARGET_NAME)";
				SDKROOT = watchos;
				SKIP_INSTALL = YES;
				SWIFT_VERSION = 3.0;
				TARGETED_DEVICE_FAMILY = 4;
				WATCHOS_DEPLOYMENT_TARGET = 2.2;
			};
			name = Release;
		};
/* End XCBuildConfiguration section */

/* Begin XCConfigurationList section */
		D3FA3C461D73919800BE6114 /* Build configuration list for PBXProject "Snapper" */ = {
			isa = XCConfigurationList;
			buildConfigurations = (
				D3FA3C661D73919800BE6114 /* Debug */,
				D3FA3C671D73919800BE6114 /* Release */,
			);
			defaultConfigurationIsVisible = 0;
			defaultConfigurationName = Release;
		};
		D3FA3C681D73919800BE6114 /* Build configuration list for PBXNativeTarget "Snapper" */ = {
			isa = XCConfigurationList;
			buildConfigurations = (
				D3FA3C691D73919800BE6114 /* Debug */,
				D3FA3C6A1D73919800BE6114 /* Release */,
			);
			defaultConfigurationIsVisible = 0;
			defaultConfigurationName = Release;
		};
		D3FA3C6B1D73919800BE6114 /* Build configuration list for PBXNativeTarget "SnapperTests" */ = {
			isa = XCConfigurationList;
			buildConfigurations = (
				D3FA3C6C1D73919800BE6114 /* Debug */,
				D3FA3C6D1D73919800BE6114 /* Release */,
			);
			defaultConfigurationIsVisible = 0;
			defaultConfigurationName = Release;
		};
		D3FA3CAF1D739E8F00BE6114 /* Build configuration list for PBXNativeTarget "Snapper Watch Extension" */ = {
			isa = XCConfigurationList;
			buildConfigurations = (
				D3FA3CB01D739E8F00BE6114 /* Debug */,
				D3FA3CB11D739E8F00BE6114 /* Release */,
			);
			defaultConfigurationIsVisible = 0;
			defaultConfigurationName = Release;
		};
		D3FA3CB31D739E8F00BE6114 /* Build configuration list for PBXNativeTarget "Snapper Watch" */ = {
			isa = XCConfigurationList;
			buildConfigurations = (
				D3FA3CB41D739E8F00BE6114 /* Debug */,
				D3FA3CB51D739E8F00BE6114 /* Release */,
			);
			defaultConfigurationIsVisible = 0;
			defaultConfigurationName = Release;
		};
/* End XCConfigurationList section */
	};
	rootObject = D3FA3C431D73919800BE6114 /* Project object */;
}
