// !$*UTF8*$!
{
	archiveVersion = 1;
	classes = {
	};
	objectVersion = 46;
	objects = {

/* Begin PBXBuildFile section */
		D3FA3C4F1D73919800BE6114 /* AppDelegate.swift in Sources */ = {isa = PBXBuildFile; fileRef = D3FA3C4E1D73919800BE6114 /* AppDelegate.swift */; };
		D3FA3C511D73919800BE6114 /* ViewController.swift in Sources */ = {isa = PBXBuildFile; fileRef = D3FA3C501D73919800BE6114 /* ViewController.swift */; };
		D3FA3C541D73919800BE6114 /* Main.storyboard in Resources */ = {isa = PBXBuildFile; fileRef = D3FA3C521D73919800BE6114 /* Main.storyboard */; };
		D3FA3C561D73919800BE6114 /* Assets.xcassets in Resources */ = {isa = PBXBuildFile; fileRef = D3FA3C551D73919800BE6114 /* Assets.xcassets */; };
		D3FA3C591D73919800BE6114 /* LaunchScreen.storyboard in Resources */ = {isa = PBXBuildFile; fileRef = D3FA3C571D73919800BE6114 /* LaunchScreen.storyboard */; };
		D3FA3C641D73919800BE6114 /* SnapperTests.swift in Sources */ = {isa = PBXBuildFile; fileRef = D3FA3C631D73919800BE6114 /* SnapperTests.swift */; };
/* End PBXBuildFile section */

/* Begin PBXContainerItemProxy section */
		D3FA3C601D73919800BE6114 /* PBXContainerItemProxy */ = {
			isa = PBXContainerItemProxy;
			containerPortal = D3FA3C431D73919800BE6114 /* Project object */;
			proxyType = 1;
			remoteGlobalIDString = D3FA3C4A1D73919800BE6114;
			remoteInfo = Snapper;
		};
/* End PBXContainerItemProxy section */

/* Begin PBXFileReference section */
		D3FA3C4B1D73919800BE6114 /* Snapper.app */ = {isa = PBXFileReference; explicitFileType = wrapper.application; includeInIndex = 0; path = Snapper.app; sourceTree = BUILT_PRODUCTS_DIR; };
		D3FA3C4E1D73919800BE6114 /* AppDelegate.swift */ = {isa = PBXFileReference; lastKnownFileType = sourcecode.swift; path = AppDelegate.swift; sourceTree = "<group>"; };
		D3FA3C501D73919800BE6114 /* ViewController.swift */ = {isa = PBXFileReference; lastKnownFileType = sourcecode.swift; path = ViewController.swift; sourceTree = "<group>"; };
		D3FA3C531D73919800BE6114 /* Base */ = {isa = PBXFileReference; lastKnownFileType = file.storyboard; name = Base; path = Base.lproj/Main.storyboard; sourceTree = "<group>"; };
		D3FA3C551D73919800BE6114 /* Assets.xcassets */ = {isa = PBXFileReference; lastKnownFileType = folder.assetcatalog; path = Assets.xcassets; sourceTree = "<group>"; };
		D3FA3C581D73919800BE6114 /* Base */ = {isa = PBXFileReference; lastKnownFileType = file.storyboard; name = Base; path = Base.lproj/LaunchScreen.storyboard; sourceTree = "<group>"; };
		D3FA3C5A1D73919800BE6114 /* Info.plist */ = {isa = PBXFileReference; lastKnownFileType = text.plist.xml; path = Info.plist; sourceTree = "<group>"; };
		D3FA3C5F1D73919800BE6114 /* SnapperTests.xctest */ = {isa = PBXFileReference; explicitFileType = wrapper.cfbundle; includeInIndex = 0; path = SnapperTests.xctest; sourceTree = BUILT_PRODUCTS_DIR; };
		D3FA3C631D73919800BE6114 /* SnapperTests.swift */ = {isa = PBXFileReference; lastKnownFileType = sourcecode.swift; path = SnapperTests.swift; sourceTree = "<group>"; };
		D3FA3C651D73919800BE6114 /* Info.plist */ = {isa = PBXFileReference; lastKnownFileType = text.plist.xml; path = Info.plist; sourceTree = "<group>"; };
/* End PBXFileReference section */

/* Begin PBXFrameworksBuildPhase section */
		D3FA3C481D73919800BE6114 /* Frameworks */ = {
			isa = PBXFrameworksBuildPhase;
			buildActionMask = 2147483647;
			files = (
			);
			runOnlyForDeploymentPostprocessing = 0;
		};
		D3FA3C5C1D73919800BE6114 /* Frameworks */ = {
			isa = PBXFrameworksBuildPhase;
			buildActionMask = 2147483647;
			files = (
			);
			runOnlyForDeploymentPostprocessing = 0;
		};
/* End PBXFrameworksBuildPhase section */

/* Begin PBXGroup section */
		D3FA3C421D73919800BE6114 = {
			isa = PBXGroup;
			children = (
				D3FA3C4D1D73919800BE6114 /* Snapper */,
				D3FA3C621D73919800BE6114 /* SnapperTests */,
				D3FA3C4C1D73919800BE6114 /* Products */,
			);
			sourceTree = "<group>";
		};
		D3FA3C4C1D73919800BE6114 /* Products */ = {
			isa = PBXGroup;
			children = (
				D3FA3C4B1D73919800BE6114 /* Snapper.app */,
				D3FA3C5F1D73919800BE6114 /* SnapperTests.xctest */,
			);
			name = Products;
			sourceTree = "<group>";
		};
		D3FA3C4D1D73919800BE6114 /* Snapper */ = {
			isa = PBXGroup;
			children = (
				D3FA3C4E1D73919800BE6114 /* AppDelegate.swift */,
				D3FA3C501D73919800BE6114 /* ViewController.swift */,
				D3FA3C521D73919800BE6114 /* Main.storyboard */,
				D3FA3C551D73919800BE6114 /* Assets.xcassets */,
				D3FA3C571D73919800BE6114 /* LaunchScreen.storyboard */,
				D3FA3C5A1D73919800BE6114 /* Info.plist */,
			);
			path = Snapper;
			sourceTree = "<group>";
		};
		D3FA3C621D73919800BE6114 /* SnapperTests */ = {
			isa = PBXGroup;
			children = (
				D3FA3C631D73919800BE6114 /* SnapperTests.swift */,
				D3FA3C651D73919800BE6114 /* Info.plist */,
			);
			path = SnapperTests;
			sourceTree = "<group>";
		};
/* End PBXGroup section */

/* Begin PBXNativeTarget section */
		D3FA3C4A1D73919800BE6114 /* Snapper */ = {
			isa = PBXNativeTarget;
			buildConfigurationList = D3FA3C681D73919800BE6114 /* Build configuration list for PBXNativeTarget "Snapper" */;
			buildPhases = (
				D3FA3C471D73919800BE6114 /* Sources */,
				D3FA3C481D73919800BE6114 /* Frameworks */,
				D3FA3C491D73919800BE6114 /* Resources */,
			);
			buildRules = (
			);
			dependencies = (
			);
			name = Snapper;
			productName = Snapper;
			productReference = D3FA3C4B1D73919800BE6114 /* Snapper.app */;
			productType = "com.apple.product-type.application";
		};
		D3FA3C5E1D73919800BE6114 /* SnapperTests */ = {
			isa = PBXNativeTarget;
			buildConfigurationList = D3FA3C6B1D73919800BE6114 /* Build configuration list for PBXNativeTarget "SnapperTests" */;
			buildPhases = (
				D3FA3C5B1D73919800BE6114 /* Sources */,
				D3FA3C5C1D73919800BE6114 /* Frameworks */,
				D3FA3C5D1D73919800BE6114 /* Resources */,
			);
			buildRules = (
			);
			dependencies = (
				D3FA3C611D73919800BE6114 /* PBXTargetDependency */,
			);
			name = SnapperTests;
			productName = SnapperTests;
			productReference = D3FA3C5F1D73919800BE6114 /* SnapperTests.xctest */;
			productType = "com.apple.product-type.bundle.unit-test";
		};
/* End PBXNativeTarget section */

/* Begin PBXProject section */
		D3FA3C431D73919800BE6114 /* Project object */ = {
			isa = PBXProject;
			attributes = {
				LastSwiftUpdateCheck = 0800;
				LastUpgradeCheck = 0800;
				ORGANIZATIONNAME = Phil;
				TargetAttributes = {
					D3FA3C4A1D73919800BE6114 = {
						CreatedOnToolsVersion = 8.0;
						DevelopmentTeam = V9RH239UZW;
						ProvisioningStyle = Automatic;
					};
					D3FA3C5E1D73919800BE6114 = {
						CreatedOnToolsVersion = 8.0;
						DevelopmentTeam = V9RH239UZW;
						ProvisioningStyle = Automatic;
						TestTargetID = D3FA3C4A1D73919800BE6114;
					};
				};
			};
			buildConfigurationList = D3FA3C461D73919800BE6114 /* Build configuration list for PBXProject "Snapper" */;
			compatibilityVersion = "Xcode 3.2";
			developmentRegion = English;
			hasScannedForEncodings = 0;
			knownRegions = (
				en,
				Base,
			);
			mainGroup = D3FA3C421D73919800BE6114;
			productRefGroup = D3FA3C4C1D73919800BE6114 /* Products */;
			projectDirPath = "";
			projectRoot = "";
			targets = (
				D3FA3C4A1D73919800BE6114 /* Snapper */,
				D3FA3C5E1D73919800BE6114 /* SnapperTests */,
			);
		};
/* End PBXProject section */

/* Begin PBXResourcesBuildPhase section */
		D3FA3C491D73919800BE6114 /* Resources */ = {
			isa = PBXResourcesBuildPhase;
			buildActionMask = 2147483647;
			files = (
				D3FA3C591D73919800BE6114 /* LaunchScreen.storyboard in Resources */,
				D3FA3C561D73919800BE6114 /* Assets.xcassets in Resources */,
				D3FA3C541D73919800BE6114 /* Main.storyboard in Resources */,
			);
			runOnlyForDeploymentPostprocessing = 0;
		};
		D3FA3C5D1D73919800BE6114 /* Resources */ = {
			isa = PBXResourcesBuildPhase;
			buildActionMask = 2147483647;
			files = (
			);
			runOnlyForDeploymentPostprocessing = 0;
		};
/* End PBXResourcesBuildPhase section */

/* Begin PBXSourcesBuildPhase section */
		D3FA3C471D73919800BE6114 /* Sources */ = {
			isa = PBXSourcesBuildPhase;
			buildActionMask = 2147483647;
			files = (
				D3FA3C511D73919800BE6114 /* ViewController.swift in Sources */,
				D3FA3C4F1D73919800BE6114 /* AppDelegate.swift in Sources */,
			);
			runOnlyForDeploymentPostprocessing = 0;
		};
		D3FA3C5B1D73919800BE6114 /* Sources */ = {
			isa = PBXSourcesBuildPhase;
			buildActionMask = 2147483647;
			files = (
				D3FA3C641D73919800BE6114 /* SnapperTests.swift in Sources */,
			);
			runOnlyForDeploymentPostprocessing = 0;
		};
/* End PBXSourcesBuildPhase section */

/* Begin PBXTargetDependency section */
		D3FA3C611D73919800BE6114 /* PBXTargetDependency */ = {
			isa = PBXTargetDependency;
			target = D3FA3C4A1D73919800BE6114 /* Snapper */;
			targetProxy = D3FA3C601D73919800BE6114 /* PBXContainerItemProxy */;
		};
/* End PBXTargetDependency section */

/* Begin PBXVariantGroup section */
		D3FA3C521D73919800BE6114 /* Main.storyboard */ = {
			isa = PBXVariantGroup;
			children = (
				D3FA3C531D73919800BE6114 /* Base */,
			);
			name = Main.storyboard;
			sourceTree = "<group>";
		};
		D3FA3C571D73919800BE6114 /* LaunchScreen.storyboard */ = {
			isa = PBXVariantGroup;
			children = (
				D3FA3C581D73919800BE6114 /* Base */,
			);
			name = LaunchScreen.storyboard;
			sourceTree = "<group>";
		};
/* End PBXVariantGroup section */

/* Begin XCBuildConfiguration section */
		D3FA3C661D73919800BE6114 /* Debug */ = {
			isa = XCBuildConfiguration;
			buildSettings = {
				ALWAYS_SEARCH_USER_PATHS = NO;
				CLANG_ANALYZER_NONNULL = YES;
				CLANG_CXX_LANGUAGE_STANDARD = "gnu++0x";
				CLANG_CXX_LIBRARY = "libc++";
				CLANG_ENABLE_MODULES = YES;
				CLANG_ENABLE_OBJC_ARC = YES;
				CLANG_WARN_BOOL_CONVERSION = YES;
				CLANG_WARN_CONSTANT_CONVERSION = YES;
				CLANG_WARN_DIRECT_OBJC_ISA_USAGE = YES_ERROR;
				CLANG_WARN_DOCUMENTATION_COMMENTS = YES;
				CLANG_WARN_EMPTY_BODY = YES;
				CLANG_WARN_ENUM_CONVERSION = YES;
				CLANG_WARN_INFINITE_RECURSION = YES;
				CLANG_WARN_INT_CONVERSION = YES;
				CLANG_WARN_OBJC_ROOT_CLASS = YES_ERROR;
				CLANG_WARN_SUSPICIOUS_MOVES = YES;
				CLANG_WARN_UNREACHABLE_CODE = YES;
				CLANG_WARN__DUPLICATE_METHOD_MATCH = YES;
				"CODE_SIGN_IDENTITY[sdk=iphoneos*]" = "iPhone Developer";
				COPY_PHASE_STRIP = NO;
				DEBUG_INFORMATION_FORMAT = dwarf;
				ENABLE_STRICT_OBJC_MSGSEND = YES;
				ENABLE_TESTABILITY = YES;
				GCC_C_LANGUAGE_STANDARD = gnu99;
				GCC_DYNAMIC_NO_PIC = NO;
				GCC_NO_COMMON_BLOCKS = YES;
				GCC_OPTIMIZATION_LEVEL = 0;
				GCC_PREPROCESSOR_DEFINITIONS = (
					"DEBUG=1",
					"$(inherited)",
				);
				GCC_WARN_64_TO_32_BIT_CONVERSION = YES;
				GCC_WARN_ABOUT_RETURN_TYPE = YES_ERROR;
				GCC_WARN_UNDECLARED_SELECTOR = YES;
				GCC_WARN_UNINITIALIZED_AUTOS = YES_AGGRESSIVE;
				GCC_WARN_UNUSED_FUNCTION = YES;
				GCC_WARN_UNUSED_VARIABLE = YES;
				IPHONEOS_DEPLOYMENT_TARGET = 10.0;
				MTL_ENABLE_DEBUG_INFO = YES;
				ONLY_ACTIVE_ARCH = YES;
				SDKROOT = iphoneos;
				SWIFT_ACTIVE_COMPILATION_CONDITIONS = DEBUG;
				SWIFT_OPTIMIZATION_LEVEL = "-Onone";
			};
			name = Debug;
		};
		D3FA3C671D73919800BE6114 /* Release */ = {
			isa = XCBuildConfiguration;
			buildSettings = {
				ALWAYS_SEARCH_USER_PATHS = NO;
				CLANG_ANALYZER_NONNULL = YES;
				CLANG_CXX_LANGUAGE_STANDARD = "gnu++0x";
				CLANG_CXX_LIBRARY = "libc++";
				CLANG_ENABLE_MODULES = YES;
				CLANG_ENABLE_OBJC_ARC = YES;
				CLANG_WARN_BOOL_CONVERSION = YES;
				CLANG_WARN_CONSTANT_CONVERSION = YES;
				CLANG_WARN_DIRECT_OBJC_ISA_USAGE = YES_ERROR;
				CLANG_WARN_DOCUMENTATION_COMMENTS = YES;
				CLANG_WARN_EMPTY_BODY = YES;
				CLANG_WARN_ENUM_CONVERSION = YES;
				CLANG_WARN_INFINITE_RECURSION = YES;
				CLANG_WARN_INT_CONVERSION = YES;
				CLANG_WARN_OBJC_ROOT_CLASS = YES_ERROR;
				CLANG_WARN_SUSPICIOUS_MOVES = YES;
				CLANG_WARN_UNREACHABLE_CODE = YES;
				CLANG_WARN__DUPLICATE_METHOD_MATCH = YES;
				"CODE_SIGN_IDENTITY[sdk=iphoneos*]" = "iPhone Developer";
				COPY_PHASE_STRIP = NO;
				DEBUG_INFORMATION_FORMAT = "dwarf-with-dsym";
				ENABLE_NS_ASSERTIONS = NO;
				ENABLE_STRICT_OBJC_MSGSEND = YES;
				GCC_C_LANGUAGE_STANDARD = gnu99;
				GCC_NO_COMMON_BLOCKS = YES;
				GCC_WARN_64_TO_32_BIT_CONVERSION = YES;
				GCC_WARN_ABOUT_RETURN_TYPE = YES_ERROR;
				GCC_WARN_UNDECLARED_SELECTOR = YES;
				GCC_WARN_UNINITIALIZED_AUTOS = YES_AGGRESSIVE;
				GCC_WARN_UNUSED_FUNCTION = YES;
				GCC_WARN_UNUSED_VARIABLE = YES;
				IPHONEOS_DEPLOYMENT_TARGET = 10.0;
				MTL_ENABLE_DEBUG_INFO = NO;
				SDKROOT = iphoneos;
				SWIFT_OPTIMIZATION_LEVEL = "-Owholemodule";
				VALIDATE_PRODUCT = YES;
			};
			name = Release;
		};
		D3FA3C691D73919800BE6114 /* Debug */ = {
			isa = XCBuildConfiguration;
			buildSettings = {
				ASSETCATALOG_COMPILER_APPICON_NAME = AppIcon;
				DEVELOPMENT_TEAM = V9RH239UZW;
				INFOPLIST_FILE = Snapper/Info.plist;
				LD_RUNPATH_SEARCH_PATHS = "$(inherited) @executable_path/Frameworks";
				PRODUCT_BUNDLE_IDENTIFIER = com.phil.Snapper;
				PRODUCT_NAME = "$(TARGET_NAME)";
				SWIFT_VERSION = 3.0;
			};
			name = Debug;
		};
		D3FA3C6A1D73919800BE6114 /* Release */ = {
			isa = XCBuildConfiguration;
			buildSettings = {
				ASSETCATALOG_COMPILER_APPICON_NAME = AppIcon;
				DEVELOPMENT_TEAM = V9RH239UZW;
				INFOPLIST_FILE = Snapper/Info.plist;
				LD_RUNPATH_SEARCH_PATHS = "$(inherited) @executable_path/Frameworks";
				PRODUCT_BUNDLE_IDENTIFIER = com.phil.Snapper;
				PRODUCT_NAME = "$(TARGET_NAME)";
				SWIFT_VERSION = 3.0;
			};
			name = Release;
		};
		D3FA3C6C1D73919800BE6114 /* Debug */ = {
			isa = XCBuildConfiguration;
			buildSettings = {
				ALWAYS_EMBED_SWIFT_STANDARD_LIBRARIES = YES;
				BUNDLE_LOADER = "$(TEST_HOST)";
				DEVELOPMENT_TEAM = V9RH239UZW;
				INFOPLIST_FILE = SnapperTests/Info.plist;
				LD_RUNPATH_SEARCH_PATHS = "$(inherited) @executable_path/Frameworks @loader_path/Frameworks";
				PRODUCT_BUNDLE_IDENTIFIER = com.phil.SnapperTests;
				PRODUCT_NAME = "$(TARGET_NAME)";
				SWIFT_VERSION = 3.0;
				TEST_HOST = "$(BUILT_PRODUCTS_DIR)/Snapper.app/Snapper";
			};
			name = Debug;
		};
		D3FA3C6D1D73919800BE6114 /* Release */ = {
			isa = XCBuildConfiguration;
			buildSettings = {
				ALWAYS_EMBED_SWIFT_STANDARD_LIBRARIES = YES;
				BUNDLE_LOADER = "$(TEST_HOST)";
				DEVELOPMENT_TEAM = V9RH239UZW;
				INFOPLIST_FILE = SnapperTests/Info.plist;
				LD_RUNPATH_SEARCH_PATHS = "$(inherited) @executable_path/Frameworks @loader_path/Frameworks";
				PRODUCT_BUNDLE_IDENTIFIER = com.phil.SnapperTests;
				PRODUCT_NAME = "$(TARGET_NAME)";
				SWIFT_VERSION = 3.0;
				TEST_HOST = "$(BUILT_PRODUCTS_DIR)/Snapper.app/Snapper";
			};
			name = Release;
		};
/* End XCBuildConfiguration section */

/* Begin XCConfigurationList section */
		D3FA3C461D73919800BE6114 /* Build configuration list for PBXProject "Snapper" */ = {
			isa = XCConfigurationList;
			buildConfigurations = (
				D3FA3C661D73919800BE6114 /* Debug */,
				D3FA3C671D73919800BE6114 /* Release */,
			);
			defaultConfigurationIsVisible = 0;
			defaultConfigurationName = Release;
		};
		D3FA3C681D73919800BE6114 /* Build configuration list for PBXNativeTarget "Snapper" */ = {
			isa = XCConfigurationList;
			buildConfigurations = (
				D3FA3C691D73919800BE6114 /* Debug */,
				D3FA3C6A1D73919800BE6114 /* Release */,
			);
			defaultConfigurationIsVisible = 0;
		};
		D3FA3C6B1D73919800BE6114 /* Build configuration list for PBXNativeTarget "SnapperTests" */ = {
			isa = XCConfigurationList;
			buildConfigurations = (
				D3FA3C6C1D73919800BE6114 /* Debug */,
				D3FA3C6D1D73919800BE6114 /* Release */,
			);
			defaultConfigurationIsVisible = 0;
		};
/* End XCConfigurationList section */
	};
	rootObject = D3FA3C431D73919800BE6114 /* Project object */;
}
